
Microsoft Visual Studio Solution File, Format Version 12.00
# Visual Studio 2013
VisualStudioVersion = 12.0.21005.1
MinimumVisualStudioVersion = 10.0.40219.1
Project("{8BC9CEB8-8B4A-11D0-8D11-00A0C91BC942}") = "generate-key", "generate-key.vcxproj", "{F689D1DC-FA65-43A5-86BF-46F32F76D0D3}"
EndProject
Project("{8BC9CEB8-8B4A-11D0-8D11-00A0C91BC942}") = "seed", "seed.vcxproj", "{B85FE382-8875-467F-8538-6F388F13DABA}"
EndProject
Project("{8BC9CEB8-8B4A-11D0-8D11-00A0C91BC942}") = "tree", "tree.vcxproj", "{AF7A67F2-44A2-4E51-99F6-29CDB49AC584}"
EndProject
Global
	GlobalSection(SolutionConfigurationPlatforms) = preSolution
		Debug|Win32 = Debug|Win32
		Release|Win32 = Release|Win32
	EndGlobalSection
	GlobalSection(ProjectConfigurationPlatforms) = postSolution
		{F689D1DC-FA65-43A5-86BF-46F32F76D0D3}.Debug|Win32.ActiveCfg = Debug|Win32
		{F689D1DC-FA65-43A5-86BF-46F32F76D0D3}.Debug|Win32.Build.0 = Debug|Win32
		{F689D1DC-FA65-43A5-86BF-46F32F76D0D3}.Release|Win32.ActiveCfg = Release|Win32
		{F689D1DC-FA65-43A5-86BF-46F32F76D0D3}.Release|Win32.Build.0 = Release|Win32
		{B85FE382-8875-467F-8538-6F388F13DABA}.Debug|Win32.ActiveCfg = Debug|Win32
		{B85FE382-8875-467F-8538-6F388F13DABA}.Debug|Win32.Build.0 = Debug|Win32
		{B85FE382-8875-467F-8538-6F388F13DABA}.Release|Win32.ActiveCfg = Release|Win32
		{B85FE382-8875-467F-8538-6F388F13DABA}.Release|Win32.Build.0 = Release|Win32
		{AF7A67F2-44A2-4E51-99F6-29CDB49AC584}.Debug|Win32.ActiveCfg = Debug|Win32
		{AF7A67F2-44A2-4E51-99F6-29CDB49AC584}.Debug|Win32.Build.0 = Debug|Win32
		{AF7A67F2-44A2-4E51-99F6-29CDB49AC584}.Release|Win32.ActiveCfg = Release|Win32
		{AF7A67F2-44A2-4E51-99F6-29CDB49AC584}.Release|Win32.Build.0 = Release|Win32
	EndGlobalSection
	GlobalSection(SolutionProperties) = preSolution
		HideSolutionNode = FALSE
	EndGlobalSection
EndGlobal
