<?xml version="1.0" encoding="utf-8"?>
<Project ToolsVersion="4.0" xmlns="http://schemas.microsoft.com/developer/msbuild/2003">
  <ItemGroup>
    <Filter Include="源文件">
      <UniqueIdentifier>{4FC737F1-C7A5-4376-A066-2A32D752A2FF}</UniqueIdentifier>
      <Extensions>cpp;c;cc;cxx;def;odl;idl;hpj;bat;asm;asmx</Extensions>
    </Filter>
    <Filter Include="头文件">
      <UniqueIdentifier>{93995380-89BD-4b04-88EB-625FBE52EBFB}</UniqueIdentifier>
      <Extensions>h;hh;hpp;hxx;hm;inl;inc;xsd</Extensions>
    </Filter>
    <Filter Include="资源文件">
      <UniqueIdentifier>{67DA6AB6-F800-4c08-8B7A-83BB121AAD01}</UniqueIdentifier>
      <Extensions>rc;ico;cur;bmp;dlg;rc2;rct;bin;rgs;gif;jpg;jpeg;jpe;resx;tiff;tif;png;wav;mfcribbon-ms</Extensions>
    </Filter>
    <Filter Include="src">
      <UniqueIdentifier>{59da4402-a08d-4dd8-ae1d-ab4685541518}</UniqueIdentifier>
    </Filter>
    <Filter Include="src\compat">
      <UniqueIdentifier>{94b0da16-b9b5-4b97-8aa3-565b5e1d01b2}</UniqueIdentifier>
    </Filter>
    <Filter Include="src\crypto">
      <UniqueIdentifier>{a6f9486c-b9a0-4e0d-8f69-718ba0822568}</UniqueIdentifier>
    </Filter>
    <Filter Include="src\keynode">
      <UniqueIdentifier>{1f15de38-e7e7-4884-a9bf-19b492ea950b}</UniqueIdentifier>
    </Filter>
    <Filter Include="src\keynode\CoinClasses">
      <UniqueIdentifier>{ef0d33e6-10ce-4577-a38d-87dd54a565a2}</UniqueIdentifier>
    </Filter>
  </ItemGroup>
  <ItemGroup>
    <ClCompile Include="..\..\generate-key\bpgeneratekey.cpp">
      <Filter>源文件</Filter>
    </ClCompile>
    <ClCompile Include="..\..\generate-key\keytreeutil.cpp">
      <Filter>源文件</Filter>
    </ClCompile>
    <ClCompile Include="..\..\..\src\crypto\hmac_sha512.cpp">
      <Filter>src\crypto</Filter>
    </ClCompile>
    <ClCompile Include="..\..\..\src\crypto\mnemoniccode.cpp">
      <Filter>src\crypto</Filter>
    </ClCompile>
    <ClCompile Include="..\..\..\src\crypto\pbkdf2sha512.cpp">
      <Filter>src\crypto</Filter>
    </ClCompile>
    <ClCompile Include="..\..\..\src\crypto\sha512.cpp">
      <Filter>src\crypto</Filter>
    </ClCompile>
    <ClCompile Include="..\..\..\src\keynode\keynode.cpp">
      <Filter>src\keynode</Filter>
    </ClCompile>
    <ClCompile Include="..\..\..\src\keynode\logger.cpp">
      <Filter>src\keynode</Filter>
    </ClCompile>
    <ClCompile Include="..\..\..\src\keynode\CoinClasses\hdkeys.cpp">
      <Filter>src\keynode\CoinClasses</Filter>
    </ClCompile>
    <ClCompile Include="..\..\generate-key\main-gbk.cpp">
      <Filter>源文件</Filter>
    </ClCompile>
  </ItemGroup>
  <ItemGroup>
    <ClInclude Include="..\..\generate-key\bpgeneratekey.h">
      <Filter>头文件</Filter>
    </ClInclude>
    <ClInclude Include="..\..\generate-key\keytreeutil.h">
      <Filter>头文件</Filter>
    </ClInclude>
    <ClInclude Include="..\..\..\src\compat\byteswap.h">
      <Filter>src\compat</Filter>
    </ClInclude>
    <ClInclude Include="..\..\..\src\compat\endian.h">
      <Filter>src\compat</Filter>
    </ClInclude>
    <ClInclude Include="..\..\..\src\crypto\common.h">
      <Filter>src\crypto</Filter>
    </ClInclude>
    <ClInclude Include="..\..\..\src\crypto\hmac_sha512.h">
      <Filter>src\crypto</Filter>
    </ClInclude>
    <ClInclude Include="..\..\..\src\crypto\mnemoniccode.h">
      <Filter>src\crypto</Filter>
    </ClInclude>
    <ClInclude Include="..\..\..\src\crypto\pbkdf2sha512.h">
      <Filter>src\crypto</Filter>
    </ClInclude>
    <ClInclude Include="..\..\..\src\crypto\sha512.h">
      <Filter>src\crypto</Filter>
    </ClInclude>
    <ClInclude Include="..\..\..\src\keynode\keynode.h">
      <Filter>src\keynode</Filter>
    </ClInclude>
    <ClInclude Include="..\..\..\src\keynode\logger.h">
      <Filter>src\keynode</Filter>
    </ClInclude>
    <ClInclude Include="..\..\..\src\keynode\stringutils.h">
      <Filter>src\keynode</Filter>
    </ClInclude>
    <ClInclude Include="..\..\..\src\keynode\CoinClasses\Base58Check.h">
      <Filter>src\keynode\CoinClasses</Filter>
    </ClInclude>
    <ClInclude Include="..\..\..\src\keynode\CoinClasses\BigInt.h">
      <Filter>src\keynode\CoinClasses</Filter>
    </ClInclude>
    <ClInclude Include="..\..\..\src\keynode\CoinClasses\encodings.h">
      <Filter>src\keynode\CoinClasses</Filter>
    </ClInclude>
    <ClInclude Include="..\..\..\src\keynode\CoinClasses\hash.h">
      <Filter>src\keynode\CoinClasses</Filter>
    </ClInclude>
    <ClInclude Include="..\..\..\src\keynode\CoinClasses\hdkeys.h">
      <Filter>src\keynode\CoinClasses</Filter>
    </ClInclude>
    <ClInclude Include="..\..\..\src\keynode\CoinClasses\secp256k1.h">
      <Filter>src\keynode\CoinClasses</Filter>
    </ClInclude>
    <ClInclude Include="..\..\..\src\keynode\CoinClasses\typedefs.h">
      <Filter>src\keynode\CoinClasses</Filter>
    </ClInclude>
    <ClInclude Include="..\..\..\src\keynode\CoinClasses\uchar_vector.h">
      <Filter>src\keynode\CoinClasses</Filter>
    </ClInclude>
  </ItemGroup>
</Project>